# This file was autogenerated by Stack.
# You should not edit this file by hand.
# For more information, please see the documentation at:
#   https://docs.haskellstack.org/en/stable/lock_files

packages:
- completed:
    name: freer-effects
    version: 0.3.0.1
    git: https://github.com/benweitzman/freer-effects
    pantry-tree:
      size: 2661
      sha256: ea616a556d7eee1fff5af9761c08af4ea88f5050a6aa519b27539f331e333b7d
    commit: f24e93faa1838485e1d4fce1cb968d1ff8fc9a3b
  original:
    git: https://github.com/benweitzman/freer-effects
    commit: f24e93faa1838485e1d4fce1cb968d1ff8fc9a3b
snapshots:
- completed:
    size: 586103
    url: https://raw.githubusercontent.com/commercialhaskell/stackage-snapshots/master/lts/18/19.yaml
    sha256: 32716534fff554b7f90762130fdb985cabf29f157758934dd1c8f3892a646430
  original:
    url: https://raw.githubusercontent.com/commercialhaskell/stackage-snapshots/master/lts/18/19.yaml
